
Microsoft Visual Studio Solution File, Format Version 12.00
# Visual Studio Version 16
VisualStudioVersion = 16.0.809.2
MinimumVisualStudioVersion = 10.0.40219.1
Project("{2150E333-8FDC-42A3-9474-1A3956D46DE8}") = "Book", "Book", "{1419D5D4-C3F5-4047-B7E6-9FC70B2B95CD}"
EndProject
Project("{FAE04EC0-301F-11D3-BF4B-00C04F79EFBC}") = "Book.API", "Book\Book.API\Book.API.csproj", "{5F78634D-1A1E-4353-809D-64137BDDE4A0}"
EndProject
Project("{2150E333-8FDC-42A3-9474-1A3956D46DE8}") = "Identity", "Identity", "{045182BC-4352-409C-B2EF-12807138655A}"
EndProject
Project("{FAE04EC0-301F-11D3-BF4B-00C04F79EFBC}") = "Identity.API", "Identity\Identity.API\Identity.API.csproj", "{E9C16E61-6509-4ADF-A67E-B7220B3EC3D0}"
EndProject
Global
	GlobalSection(SolutionConfigurationPlatforms) = preSolution
		Debug|Any CPU = Debug|Any CPU
		Release|Any CPU = Release|Any CPU
	EndGlobalSection
	GlobalSection(ProjectConfigurationPlatforms) = postSolution
		{5F78634D-1A1E-4353-809D-64137BDDE4A0}.Debug|Any CPU.ActiveCfg = Debug|Any CPU
		{5F78634D-1A1E-4353-809D-64137BDDE4A0}.Debug|Any CPU.Build.0 = Debug|Any CPU
		{5F78634D-1A1E-4353-809D-64137BDDE4A0}.Release|Any CPU.ActiveCfg = Release|Any CPU
		{5F78634D-1A1E-4353-809D-64137BDDE4A0}.Release|Any CPU.Build.0 = Release|Any CPU
		{E9C16E61-6509-4ADF-A67E-B7220B3EC3D0}.Debug|Any CPU.ActiveCfg = Debug|Any CPU
		{E9C16E61-6509-4ADF-A67E-B7220B3EC3D0}.Debug|Any CPU.Build.0 = Debug|Any CPU
		{E9C16E61-6509-4ADF-A67E-B7220B3EC3D0}.Release|Any CPU.ActiveCfg = Release|Any CPU
		{E9C16E61-6509-4ADF-A67E-B7220B3EC3D0}.Release|Any CPU.Build.0 = Release|Any CPU
	EndGlobalSection
	GlobalSection(SolutionProperties) = preSolution
		HideSolutionNode = FALSE
	EndGlobalSection
	GlobalSection(ExtensibilityGlobals) = postSolution
		SolutionGuid = {608A634D-6B91-426C-BF54-B37D2225366E}
	EndGlobalSection
	GlobalSection(NestedProjects) = preSolution
		{5F78634D-1A1E-4353-809D-64137BDDE4A0} = {1419D5D4-C3F5-4047-B7E6-9FC70B2B95CD}
		{E9C16E61-6509-4ADF-A67E-B7220B3EC3D0} = {045182BC-4352-409C-B2EF-12807138655A}
	EndGlobalSection
EndGlobal
